{
    "name": "vuex-orm-decorators",
    "version": "1.2.6",
    "lockfileVersion": 2,
    "requires": true,
    "packages": {
        "": {
            "version": "1.2.6",
            "license": "MIT",
            "devDependencies": {
                "@vuex-orm/core": "^0.36",
                "typescript": "^4.1",
                "vue": "^2.6",
                "vuex": "^3.6"
            }
        },
        "node_modules/@vuex-orm/core": {
            "version": "0.36.4",
            "resolved": "https://registry.npmjs.org/@vuex-orm/core/-/core-0.36.4.tgz",
            "integrity": "sha512-Wkq1G+FtcEQ4LbhEZUZalhuErb2nY2nuBo2UeGVpbVKkMss5piJhw7bt5TpWecDNmIUc2BzaenDDqm08AAe7Hw==",
            "dev": true,
            "dependencies": {
                "normalizr": "^3.6.0"
            },
            "peerDependencies": {
                "vuex": ">=3.1.0"
            }
        },
        "node_modules/normalizr": {
            "version": "3.6.1",
            "resolved": "https://registry.npmjs.org/normalizr/-/normalizr-3.6.1.tgz",
            "integrity": "sha512-8iEmqXmPtll8PwbEFrbPoDxVw7MKnNvt3PZzR2Xvq9nggEEOgBlNICPXYzyZ4w4AkHUzCU998mdatER3n2VaMA==",
            "dev": true
        },
        "node_modules/typescript": {
            "version": "4.2.4",
            "resolved": "https://registry.npmjs.org/typescript/-/typescript-4.2.4.tgz",
            "integrity": "sha512-V+evlYHZnQkaz8TRBuxTA92yZBPotr5H+WhQ7bD3hZUndx5tGOa1fuCgeSjxAzM1RiN5IzvadIXTVefuuwZCRg==",
            "dev": true,
            "bin": {
                "tsc": "bin/tsc",
                "tsserver": "bin/tsserver"
            },
            "engines": {
                "node": ">=4.2.0"
            }
        },
        "node_modules/vue": {
            "version": "2.6.12",
            "resolved": "https://registry.npmjs.org/vue/-/vue-2.6.12.tgz",
            "integrity": "sha512-uhmLFETqPPNyuLLbsKz6ioJ4q7AZHzD8ZVFNATNyICSZouqP2Sz0rotWQC8UNBF6VGSCs5abnKJoStA6JbCbfg==",
            "dev": true
        },
        "node_modules/vuex": {
            "version": "3.6.2",
            "resolved": "https://registry.npmjs.org/vuex/-/vuex-3.6.2.tgz",
            "integrity": "sha512-ETW44IqCgBpVomy520DT5jf8n0zoCac+sxWnn+hMe/CzaSejb/eVw2YToiXYX+Ex/AuHHia28vWTq4goAexFbw==",
            "dev": true,
            "peerDependencies": {
                "vue": "^2.0.0"
            }
        }
    },
    "dependencies": {
        "@vuex-orm/core": {
            "version": "0.36.4",
            "resolved": "https://registry.npmjs.org/@vuex-orm/core/-/core-0.36.4.tgz",
            "integrity": "sha512-Wkq1G+FtcEQ4LbhEZUZalhuErb2nY2nuBo2UeGVpbVKkMss5piJhw7bt5TpWecDNmIUc2BzaenDDqm08AAe7Hw==",
            "dev": true,
            "requires": {
                "normalizr": "^3.6.0"
            }
        },
        "normalizr": {
            "version": "3.6.1",
            "resolved": "https://registry.npmjs.org/normalizr/-/normalizr-3.6.1.tgz",
            "integrity": "sha512-8iEmqXmPtll8PwbEFrbPoDxVw7MKnNvt3PZzR2Xvq9nggEEOgBlNICPXYzyZ4w4AkHUzCU998mdatER3n2VaMA==",
            "dev": true
        },
        "typescript": {
            "version": "4.2.4",
            "resolved": "https://registry.npmjs.org/typescript/-/typescript-4.2.4.tgz",
            "integrity": "sha512-V+evlYHZnQkaz8TRBuxTA92yZBPotr5H+WhQ7bD3hZUndx5tGOa1fuCgeSjxAzM1RiN5IzvadIXTVefuuwZCRg==",
            "dev": true
        },
        "vue": {
            "version": "2.6.12",
            "resolved": "https://registry.npmjs.org/vue/-/vue-2.6.12.tgz",
            "integrity": "sha512-uhmLFETqPPNyuLLbsKz6ioJ4q7AZHzD8ZVFNATNyICSZouqP2Sz0rotWQC8UNBF6VGSCs5abnKJoStA6JbCbfg==",
            "dev": true
        },
        "vuex": {
            "version": "3.6.2",
            "resolved": "https://registry.npmjs.org/vuex/-/vuex-3.6.2.tgz",
            "integrity": "sha512-ETW44IqCgBpVomy520DT5jf8n0zoCac+sxWnn+hMe/CzaSejb/eVw2YToiXYX+Ex/AuHHia28vWTq4goAexFbw==",
            "dev": true,
            "requires": {}
        }
    }
}
