{
    "name": "vuex-orm-decorators",
    "version": "1.1.9",
    "lockfileVersion": 1,
    "requires": true,
    "dependencies": {
        "@vuex-orm/core": {
            "version": "0.36.3",
            "resolved": "https://registry.npmjs.org/@vuex-orm/core/-/core-0.36.3.tgz",
            "integrity": "sha512-YlYtNTH4JECVDgF9iCwRyoDtnCqTBkiIYtfMbw2YVIfGP0/c+T9jYXhEzNYGey3Uiiq8WbIdlKBbZpu4llIwZg==",
            "dev": true,
            "requires": {
                "normalizr": "^3.6.0"
            }
        },
        "normalizr": {
            "version": "3.6.0",
            "resolved": "https://registry.npmjs.org/normalizr/-/normalizr-3.6.0.tgz",
            "integrity": "sha512-25cd8DiDu+pL46KIaxtVVvvEPjGacJgv0yUg950evr62dQ/ks2JO1kf7+Vi5/rMFjaSTSTls7aCnmRlUSljtiA==",
            "dev": true
        },
        "typescript": {
            "version": "3.9.5",
            "resolved": "https://registry.npmjs.org/typescript/-/typescript-3.9.5.tgz",
            "integrity": "sha512-hSAifV3k+i6lEoCJ2k6R2Z/rp/H3+8sdmcn5NrS3/3kE7+RyZXm9aqvxWqjEXHAd8b0pShatpcdMTvEdvAJltQ==",
            "dev": true
        },
        "vue": {
            "version": "2.6.11",
            "resolved": "https://registry.npmjs.org/vue/-/vue-2.6.11.tgz",
            "integrity": "sha512-VfPwgcGABbGAue9+sfrD4PuwFar7gPb1yl1UK1MwXoQPAw0BKSqWfoYCT/ThFrdEVWoI51dBuyCoiNU9bZDZxQ==",
            "dev": true
        },
        "vuex": {
            "version": "3.4.0",
            "resolved": "https://registry.npmjs.org/vuex/-/vuex-3.4.0.tgz",
            "integrity": "sha512-ajtqwEW/QhnrBZQsZxCLHThZZaa+Db45c92Asf46ZDXu6uHXgbfVuBaJ4gzD2r4UX0oMJHstFwd2r2HM4l8umg==",
            "dev": true
        }
    }
}
